
Microsoft Visual Studio Solution File, Format Version 12.00
# Visual Studio Version 17
VisualStudioVersion = 17.7.34003.232
MinimumVisualStudioVersion = 10.0.40219.1
Project("{FAE04EC0-301F-11D3-BF4B-00C04F79EFBC}") = "WpfEfDotnetCore", "WpfEfDotnetCore\WpfEfDotnetCore.csproj", "{DDF27E45-44F1-4AAB-8295-D845B0F1DA36}"
EndProject
Global
	GlobalSection(SolutionConfigurationPlatforms) = preSolution
		Debug|Any CPU = Debug|Any CPU
		Release|Any CPU = Release|Any CPU
	EndGlobalSection
	GlobalSection(ProjectConfigurationPlatforms) = postSolution
		{DDF27E45-44F1-4AAB-8295-D845B0F1DA36}.Debug|Any CPU.ActiveCfg = Debug|Any CPU
		{DDF27E45-44F1-4AAB-8295-D845B0F1DA36}.Debug|Any CPU.Build.0 = Debug|Any CPU
		{DDF27E45-44F1-4AAB-8295-D845B0F1DA36}.Release|Any CPU.ActiveCfg = Release|Any CPU
		{DDF27E45-44F1-4AAB-8295-D845B0F1DA36}.Release|Any CPU.Build.0 = Release|Any CPU
	EndGlobalSection
	GlobalSection(SolutionProperties) = preSolution
		HideSolutionNode = FALSE
	EndGlobalSection
	GlobalSection(ExtensibilityGlobals) = postSolution
		SolutionGuid = {DBFB1535-84EC-4368-BC8D-A8491B564117}
	EndGlobalSection
EndGlobal
